
Microsoft Visual Studio Solution File, Format Version 12.00
Project("{FAE04EC0-301F-11D3-BF4B-00C04F79EFBC}") = "DND HP API", "DND HP API\DND HP API.csproj", "{BF892529-DDB3-425C-BCD8-D07F6A69B7BD}"
EndProject
Project("{FAE04EC0-301F-11D3-BF4B-00C04F79EFBC}") = "DndHpCalculator.Tests", "DndHpCalculator.Tests\DndHpCalculator.Tests.csproj", "{75FBD439-5C68-42C8-AC43-1F71ECDF6B39}"
EndProject
Project("{2150E333-8FDC-42A3-9474-1A3956D46DE8}") = "Documentation", "Documentation", "{BB5DE76C-64F1-4083-B199-C1AA027FCC52}"
	ProjectSection(SolutionItems) = preProject
		Docs\ADL\ADL.MD = Docs\ADL\ADL.MD
		Docs\ADL\ADRs\01_GeneralProjectStructure.md = Docs\ADL\ADRs\01_GeneralProjectStructure.md
		Docs\ADL\ADRs\02_HpCalculatorShouldBeAComponent.md = Docs\ADL\ADRs\02_HpCalculatorShouldBeAComponent.md
		Docs\ADL\ADRs\03_EachEndpointShouldHaveHappyPathTested.md = Docs\ADL\ADRs\03_EachEndpointShouldHaveHappyPathTested.md
		Docs\ADL\ADRs\04_DataAccessShouldBeWrappedInARepository.md = Docs\ADL\ADRs\04_DataAccessShouldBeWrappedInARepository.md
	EndProjectSection
EndProject
Global
	GlobalSection(SolutionConfigurationPlatforms) = preSolution
		Debug|Any CPU = Debug|Any CPU
		Release|Any CPU = Release|Any CPU
	EndGlobalSection
	GlobalSection(ProjectConfigurationPlatforms) = postSolution
		{BF892529-DDB3-425C-BCD8-D07F6A69B7BD}.Debug|Any CPU.ActiveCfg = Debug|Any CPU
		{BF892529-DDB3-425C-BCD8-D07F6A69B7BD}.Debug|Any CPU.Build.0 = Debug|Any CPU
		{BF892529-DDB3-425C-BCD8-D07F6A69B7BD}.Release|Any CPU.ActiveCfg = Release|Any CPU
		{BF892529-DDB3-425C-BCD8-D07F6A69B7BD}.Release|Any CPU.Build.0 = Release|Any CPU
		{75FBD439-5C68-42C8-AC43-1F71ECDF6B39}.Debug|Any CPU.ActiveCfg = Debug|Any CPU
		{75FBD439-5C68-42C8-AC43-1F71ECDF6B39}.Debug|Any CPU.Build.0 = Debug|Any CPU
		{75FBD439-5C68-42C8-AC43-1F71ECDF6B39}.Release|Any CPU.ActiveCfg = Release|Any CPU
		{75FBD439-5C68-42C8-AC43-1F71ECDF6B39}.Release|Any CPU.Build.0 = Release|Any CPU
	EndGlobalSection
EndGlobal
